
Microsoft Visual Studio Solution File, Format Version 12.00
# Visual Studio Version 17
VisualStudioVersion = 17.5.002.0
MinimumVisualStudioVersion = 10.0.40219.1
Project("{9A19103F-16F7-4668-BE54-9A1E7A4F7556}") = "DesafioProjetoHospedagem", "DesafioProjetoHospedagem.csproj", "{4ECBC872-9847-4E15-B54A-3F0E7FF4111E}"
EndProject
Global
	GlobalSection(SolutionConfigurationPlatforms) = preSolution
		Debug|Any CPU = Debug|Any CPU
		Release|Any CPU = Release|Any CPU
	EndGlobalSection
	GlobalSection(ProjectConfigurationPlatforms) = postSolution
		{4ECBC872-9847-4E15-B54A-3F0E7FF4111E}.Debug|Any CPU.ActiveCfg = Debug|Any CPU
		{4ECBC872-9847-4E15-B54A-3F0E7FF4111E}.Debug|Any CPU.Build.0 = Debug|Any CPU
		{4ECBC872-9847-4E15-B54A-3F0E7FF4111E}.Release|Any CPU.ActiveCfg = Release|Any CPU
		{4ECBC872-9847-4E15-B54A-3F0E7FF4111E}.Release|Any CPU.Build.0 = Release|Any CPU
	EndGlobalSection
	GlobalSection(SolutionProperties) = preSolution
		HideSolutionNode = FALSE
	EndGlobalSection
	GlobalSection(ExtensibilityGlobals) = postSolution
		SolutionGuid = {B52E7200-2C9E-4FB7-87C3-31C743EF2962}
	EndGlobalSection
EndGlobal
